// !$*UTF8*$!
{
	archiveVersion = 1;
	classes = {
	};
	objectVersion = 56;
	objects = {

/* Begin PBXBuildFile section */
		A819544F2B7130CE003C0186 /* Kingfisher in Frameworks */ = {isa = PBXBuildFile; productRef = A819544E2B7130CE003C0186 /* Kingfisher */; };
		A81954522B71312C003C0186 /* KingFisherView.swift in Sources */ = {isa = PBXBuildFile; fileRef = A81954512B71312C003C0186 /* KingFisherView.swift */; };
		A8A1C6F62B7274F900D5D96A /* OnBoardingPage.swift in Sources */ = {isa = PBXBuildFile; fileRef = A8A1C6F52B7274F900D5D96A /* OnBoardingPage.swift */; };
		A8A1C6F82B7275C800D5D96A /* LoginPage.swift in Sources */ = {isa = PBXBuildFile; fileRef = A8A1C6F72B7275C800D5D96A /* LoginPage.swift */; };
		A8A1C6FD2B72762D00D5D96A /* raleway.semibold.ttf in Resources */ = {isa = PBXBuildFile; fileRef = A8A1C6FA2B72762D00D5D96A /* raleway.semibold.ttf */; };
		A8A1C6FE2B72762D00D5D96A /* raleway.bold.ttf in Resources */ = {isa = PBXBuildFile; fileRef = A8A1C6FB2B72762D00D5D96A /* raleway.bold.ttf */; };
		A8A1C6FF2B72762D00D5D96A /* raleway.regular.ttf in Resources */ = {isa = PBXBuildFile; fileRef = A8A1C6FC2B72762D00D5D96A /* raleway.regular.ttf */; };
		A8A1C7012B72767200D5D96A /* CustomCorners.swift in Sources */ = {isa = PBXBuildFile; fileRef = A8A1C7002B72767200D5D96A /* CustomCorners.swift */; };
		A8A1C7072B728F7400D5D96A /* Animation - 1707235289824.json in Resources */ = {isa = PBXBuildFile; fileRef = A8A1C7062B728F7400D5D96A /* Animation - 1707235289824.json */; };
		A8A1C7092B72921A00D5D96A /* LoginPageModel.swift in Sources */ = {isa = PBXBuildFile; fileRef = A8A1C7082B72921A00D5D96A /* LoginPageModel.swift */; };
		A8A94B372B70AAFF00DD4E01 /* SimpleAnimationLottieApp.swift in Sources */ = {isa = PBXBuildFile; fileRef = A8A94B362B70AAFF00DD4E01 /* SimpleAnimationLottieApp.swift */; };
		A8A94B392B70AAFF00DD4E01 /* ContentView.swift in Sources */ = {isa = PBXBuildFile; fileRef = A8A94B382B70AAFF00DD4E01 /* ContentView.swift */; };
		A8A94B3B2B70AB0300DD4E01 /* Assets.xcassets in Resources */ = {isa = PBXBuildFile; fileRef = A8A94B3A2B70AB0300DD4E01 /* Assets.xcassets */; };
		A8A94B3E2B70AB0300DD4E01 /* Preview Assets.xcassets in Resources */ = {isa = PBXBuildFile; fileRef = A8A94B3D2B70AB0300DD4E01 /* Preview Assets.xcassets */; };
		A8A94B462B70ACD700DD4E01 /* Lottie in Frameworks */ = {isa = PBXBuildFile; productRef = A8A94B452B70ACD700DD4E01 /* Lottie */; };
		A8A94B492B70AF3800DD4E01 /* Animation-1707103135893.json in Resources */ = {isa = PBXBuildFile; fileRef = A8A94B482B70AF3800DD4E01 /* Animation-1707103135893.json */; };
		A8A94B4B2B70AF4B00DD4E01 /* LottieView.swift in Sources */ = {isa = PBXBuildFile; fileRef = A8A94B4A2B70AF4B00DD4E01 /* LottieView.swift */; };
		A8A94B4D2B70BCC600DD4E01 /* AnotherViewLottie.swift in Sources */ = {isa = PBXBuildFile; fileRef = A8A94B4C2B70BCC600DD4E01 /* AnotherViewLottie.swift */; };
		A8A94B4F2B70DD8700DD4E01 /* Animation - 1707124194011.json in Resources */ = {isa = PBXBuildFile; fileRef = A8A94B4E2B70DD8700DD4E01 /* Animation - 1707124194011.json */; };
/* End PBXBuildFile section */

/* Begin PBXFileReference section */
		A81954512B71312C003C0186 /* KingFisherView.swift */ = {isa = PBXFileReference; lastKnownFileType = sourcecode.swift; path = KingFisherView.swift; sourceTree = "<group>"; };
		A8A1C6F52B7274F900D5D96A /* OnBoardingPage.swift */ = {isa = PBXFileReference; lastKnownFileType = sourcecode.swift; path = OnBoardingPage.swift; sourceTree = "<group>"; };
		A8A1C6F72B7275C800D5D96A /* LoginPage.swift */ = {isa = PBXFileReference; lastKnownFileType = sourcecode.swift; path = LoginPage.swift; sourceTree = "<group>"; };
		A8A1C6FA2B72762D00D5D96A /* raleway.semibold.ttf */ = {isa = PBXFileReference; lastKnownFileType = file; path = raleway.semibold.ttf; sourceTree = "<group>"; };
		A8A1C6FB2B72762D00D5D96A /* raleway.bold.ttf */ = {isa = PBXFileReference; lastKnownFileType = file; path = raleway.bold.ttf; sourceTree = "<group>"; };
		A8A1C6FC2B72762D00D5D96A /* raleway.regular.ttf */ = {isa = PBXFileReference; lastKnownFileType = file; path = raleway.regular.ttf; sourceTree = "<group>"; };
		A8A1C7002B72767200D5D96A /* CustomCorners.swift */ = {isa = PBXFileReference; lastKnownFileType = sourcecode.swift; path = CustomCorners.swift; sourceTree = "<group>"; };
		A8A1C7062B728F7400D5D96A /* Animation - 1707235289824.json */ = {isa = PBXFileReference; fileEncoding = 4; lastKnownFileType = text.json; path = "Animation - 1707235289824.json"; sourceTree = "<group>"; };
		A8A1C7082B72921A00D5D96A /* LoginPageModel.swift */ = {isa = PBXFileReference; lastKnownFileType = sourcecode.swift; name = LoginPageModel.swift; path = SimpleAnimationLottie/View/LoginPageModel.swift; sourceTree = SOURCE_ROOT; };
		A8A94B332B70AAFF00DD4E01 /* SimpleAnimationLottie.app */ = {isa = PBXFileReference; explicitFileType = wrapper.application; includeInIndex = 0; path = SimpleAnimationLottie.app; sourceTree = BUILT_PRODUCTS_DIR; };
		A8A94B362B70AAFF00DD4E01 /* SimpleAnimationLottieApp.swift */ = {isa = PBXFileReference; lastKnownFileType = sourcecode.swift; path = SimpleAnimationLottieApp.swift; sourceTree = "<group>"; };
		A8A94B382B70AAFF00DD4E01 /* ContentView.swift */ = {isa = PBXFileReference; lastKnownFileType = sourcecode.swift; path = ContentView.swift; sourceTree = "<group>"; };
		A8A94B3A2B70AB0300DD4E01 /* Assets.xcassets */ = {isa = PBXFileReference; lastKnownFileType = folder.assetcatalog; path = Assets.xcassets; sourceTree = "<group>"; };
		A8A94B3D2B70AB0300DD4E01 /* Preview Assets.xcassets */ = {isa = PBXFileReference; lastKnownFileType = folder.assetcatalog; path = "Preview Assets.xcassets"; sourceTree = "<group>"; };
		A8A94B482B70AF3800DD4E01 /* Animation-1707103135893.json */ = {isa = PBXFileReference; fileEncoding = 4; lastKnownFileType = text.json; path = "Animation-1707103135893.json"; sourceTree = "<group>"; };
		A8A94B4A2B70AF4B00DD4E01 /* LottieView.swift */ = {isa = PBXFileReference; lastKnownFileType = sourcecode.swift; path = LottieView.swift; sourceTree = "<group>"; };
		A8A94B4C2B70BCC600DD4E01 /* AnotherViewLottie.swift */ = {isa = PBXFileReference; lastKnownFileType = sourcecode.swift; path = AnotherViewLottie.swift; sourceTree = "<group>"; };
		A8A94B4E2B70DD8700DD4E01 /* Animation - 1707124194011.json */ = {isa = PBXFileReference; fileEncoding = 4; lastKnownFileType = text.json; path = "Animation - 1707124194011.json"; sourceTree = "<group>"; };
/* End PBXFileReference section */

/* Begin PBXFrameworksBuildPhase section */
		A8A94B302B70AAFF00DD4E01 /* Frameworks */ = {
			isa = PBXFrameworksBuildPhase;
			buildActionMask = 2147483647;
			files = (
				A819544F2B7130CE003C0186 /* Kingfisher in Frameworks */,
				A8A94B462B70ACD700DD4E01 /* Lottie in Frameworks */,
			);
			runOnlyForDeploymentPostprocessing = 0;
		};
/* End PBXFrameworksBuildPhase section */

/* Begin PBXGroup section */
		A81954502B713115003C0186 /* KingFisher */ = {
			isa = PBXGroup;
			children = (
				A81954512B71312C003C0186 /* KingFisherView.swift */,
			);
			path = KingFisher;
			sourceTree = "<group>";
		};
		A8A1C6F12B72738B00D5D96A /* ViewModel */ = {
			isa = PBXGroup;
			children = (
				A8A1C7082B72921A00D5D96A /* LoginPageModel.swift */,
			);
			path = ViewModel;
			sourceTree = "<group>";
		};
		A8A1C6F42B7274D100D5D96A /* View */ = {
			isa = PBXGroup;
			children = (
				A8A1C6F52B7274F900D5D96A /* OnBoardingPage.swift */,
				A8A1C6F72B7275C800D5D96A /* LoginPage.swift */,
				A8A1C7002B72767200D5D96A /* CustomCorners.swift */,
			);
			path = View;
			sourceTree = "<group>";
		};
		A8A1C6F92B72761500D5D96A /* Fonts */ = {
			isa = PBXGroup;
			children = (
				A8A1C6FB2B72762D00D5D96A /* raleway.bold.ttf */,
				A8A1C6FC2B72762D00D5D96A /* raleway.regular.ttf */,
				A8A1C6FA2B72762D00D5D96A /* raleway.semibold.ttf */,
			);
			path = Fonts;
			sourceTree = "<group>";
		};
		A8A94B2A2B70AAFF00DD4E01 = {
			isa = PBXGroup;
			children = (
				A8A94B352B70AAFF00DD4E01 /* SimpleAnimationLottie */,
				A8A94B342B70AAFF00DD4E01 /* Products */,
			);
			sourceTree = "<group>";
		};
		A8A94B342B70AAFF00DD4E01 /* Products */ = {
			isa = PBXGroup;
			children = (
				A8A94B332B70AAFF00DD4E01 /* SimpleAnimationLottie.app */,
			);
			name = Products;
			sourceTree = "<group>";
		};
		A8A94B352B70AAFF00DD4E01 /* SimpleAnimationLottie */ = {
			isa = PBXGroup;
			children = (
				A8A1C6F92B72761500D5D96A /* Fonts */,
				A8A1C6F42B7274D100D5D96A /* View */,
				A8A1C6F12B72738B00D5D96A /* ViewModel */,
				A81954502B713115003C0186 /* KingFisher */,
				A8A94B472B70AF2A00DD4E01 /* Lottie */,
				A8A94B362B70AAFF00DD4E01 /* SimpleAnimationLottieApp.swift */,
				A8A94B382B70AAFF00DD4E01 /* ContentView.swift */,
				A8A94B3A2B70AB0300DD4E01 /* Assets.xcassets */,
				A8A94B3C2B70AB0300DD4E01 /* Preview Content */,
			);
			path = SimpleAnimationLottie;
			sourceTree = "<group>";
		};
		A8A94B3C2B70AB0300DD4E01 /* Preview Content */ = {
			isa = PBXGroup;
			children = (
				A8A94B3D2B70AB0300DD4E01 /* Preview Assets.xcassets */,
			);
			path = "Preview Content";
			sourceTree = "<group>";
		};
		A8A94B472B70AF2A00DD4E01 /* Lottie */ = {
			isa = PBXGroup;
			children = (
				A8A1C7062B728F7400D5D96A /* Animation - 1707235289824.json */,
				A8A94B482B70AF3800DD4E01 /* Animation-1707103135893.json */,
				A8A94B4E2B70DD8700DD4E01 /* Animation - 1707124194011.json */,
				A8A94B4A2B70AF4B00DD4E01 /* LottieView.swift */,
				A8A94B4C2B70BCC600DD4E01 /* AnotherViewLottie.swift */,
			);
			path = Lottie;
			sourceTree = "<group>";
		};
/* End PBXGroup section */

/* Begin PBXNativeTarget section */
		A8A94B322B70AAFF00DD4E01 /* SimpleAnimationLottie */ = {
			isa = PBXNativeTarget;
			buildConfigurationList = A8A94B412B70AB0300DD4E01 /* Build configuration list for PBXNativeTarget "SimpleAnimationLottie" */;
			buildPhases = (
				A8A94B2F2B70AAFF00DD4E01 /* Sources */,
				A8A94B302B70AAFF00DD4E01 /* Frameworks */,
				A8A94B312B70AAFF00DD4E01 /* Resources */,
			);
			buildRules = (
			);
			dependencies = (
			);
			name = SimpleAnimationLottie;
			packageProductDependencies = (
				A8A94B452B70ACD700DD4E01 /* Lottie */,
				A819544E2B7130CE003C0186 /* Kingfisher */,
			);
			productName = SimpleAnimationLottie;
			productReference = A8A94B332B70AAFF00DD4E01 /* SimpleAnimationLottie.app */;
			productType = "com.apple.product-type.application";
		};
/* End PBXNativeTarget section */

/* Begin PBXProject section */
		A8A94B2B2B70AAFF00DD4E01 /* Project object */ = {
			isa = PBXProject;
			attributes = {
				BuildIndependentTargetsInParallel = 1;
				LastSwiftUpdateCheck = 1420;
				LastUpgradeCheck = 1420;
				TargetAttributes = {
					A8A94B322B70AAFF00DD4E01 = {
						CreatedOnToolsVersion = 14.2;
					};
				};
			};
			buildConfigurationList = A8A94B2E2B70AAFF00DD4E01 /* Build configuration list for PBXProject "SimpleAnimationLottie" */;
			compatibilityVersion = "Xcode 14.0";
			developmentRegion = en;
			hasScannedForEncodings = 0;
			knownRegions = (
				en,
				Base,
			);
			mainGroup = A8A94B2A2B70AAFF00DD4E01;
			packageReferences = (
				A8A94B442B70ACD700DD4E01 /* XCRemoteSwiftPackageReference "lottie-ios" */,
				A819544D2B7130CE003C0186 /* XCRemoteSwiftPackageReference "Kingfisher" */,
			);
			productRefGroup = A8A94B342B70AAFF00DD4E01 /* Products */;
			projectDirPath = "";
			projectRoot = "";
			targets = (
				A8A94B322B70AAFF00DD4E01 /* SimpleAnimationLottie */,
			);
		};
/* End PBXProject section */

/* Begin PBXResourcesBuildPhase section */
		A8A94B312B70AAFF00DD4E01 /* Resources */ = {
			isa = PBXResourcesBuildPhase;
			buildActionMask = 2147483647;
			files = (
				A8A1C6FE2B72762D00D5D96A /* raleway.bold.ttf in Resources */,
				A8A94B3E2B70AB0300DD4E01 /* Preview Assets.xcassets in Resources */,
				A8A1C6FD2B72762D00D5D96A /* raleway.semibold.ttf in Resources */,
				A8A94B4F2B70DD8700DD4E01 /* Animation - 1707124194011.json in Resources */,
				A8A94B3B2B70AB0300DD4E01 /* Assets.xcassets in Resources */,
				A8A1C7072B728F7400D5D96A /* Animation - 1707235289824.json in Resources */,
				A8A1C6FF2B72762D00D5D96A /* raleway.regular.ttf in Resources */,
				A8A94B492B70AF3800DD4E01 /* Animation-1707103135893.json in Resources */,
			);
			runOnlyForDeploymentPostprocessing = 0;
		};
/* End PBXResourcesBuildPhase section */

/* Begin PBXSourcesBuildPhase section */
		A8A94B2F2B70AAFF00DD4E01 /* Sources */ = {
			isa = PBXSourcesBuildPhase;
			buildActionMask = 2147483647;
			files = (
				A8A1C6F82B7275C800D5D96A /* LoginPage.swift in Sources */,
				A8A1C7012B72767200D5D96A /* CustomCorners.swift in Sources */,
				A8A94B392B70AAFF00DD4E01 /* ContentView.swift in Sources */,
				A81954522B71312C003C0186 /* KingFisherView.swift in Sources */,
				A8A94B372B70AAFF00DD4E01 /* SimpleAnimationLottieApp.swift in Sources */,
				A8A1C7092B72921A00D5D96A /* LoginPageModel.swift in Sources */,
				A8A94B4B2B70AF4B00DD4E01 /* LottieView.swift in Sources */,
				A8A94B4D2B70BCC600DD4E01 /* AnotherViewLottie.swift in Sources */,
				A8A1C6F62B7274F900D5D96A /* OnBoardingPage.swift in Sources */,
			);
			runOnlyForDeploymentPostprocessing = 0;
		};
/* End PBXSourcesBuildPhase section */

/* Begin XCBuildConfiguration section */
		A8A94B3F2B70AB0300DD4E01 /* Debug */ = {
			isa = XCBuildConfiguration;
			buildSettings = {
				ALWAYS_SEARCH_USER_PATHS = NO;
				CLANG_ANALYZER_NONNULL = YES;
				CLANG_ANALYZER_NUMBER_OBJECT_CONVERSION = YES_AGGRESSIVE;
				CLANG_CXX_LANGUAGE_STANDARD = "gnu++20";
				CLANG_ENABLE_MODULES = YES;
				CLANG_ENABLE_OBJC_ARC = YES;
				CLANG_ENABLE_OBJC_WEAK = YES;
				CLANG_WARN_BLOCK_CAPTURE_AUTORELEASING = YES;
				CLANG_WARN_BOOL_CONVERSION = YES;
				CLANG_WARN_COMMA = YES;
				CLANG_WARN_CONSTANT_CONVERSION = YES;
				CLANG_WARN_DEPRECATED_OBJC_IMPLEMENTATIONS = YES;
				CLANG_WARN_DIRECT_OBJC_ISA_USAGE = YES_ERROR;
				CLANG_WARN_DOCUMENTATION_COMMENTS = YES;
				CLANG_WARN_EMPTY_BODY = YES;
				CLANG_WARN_ENUM_CONVERSION = YES;
				CLANG_WARN_INFINITE_RECURSION = YES;
				CLANG_WARN_INT_CONVERSION = YES;
				CLANG_WARN_NON_LITERAL_NULL_CONVERSION = YES;
				CLANG_WARN_OBJC_IMPLICIT_RETAIN_SELF = YES;
				CLANG_WARN_OBJC_LITERAL_CONVERSION = YES;
				CLANG_WARN_OBJC_ROOT_CLASS = YES_ERROR;
				CLANG_WARN_QUOTED_INCLUDE_IN_FRAMEWORK_HEADER = YES;
				CLANG_WARN_RANGE_LOOP_ANALYSIS = YES;
				CLANG_WARN_STRICT_PROTOTYPES = YES;
				CLANG_WARN_SUSPICIOUS_MOVE = YES;
				CLANG_WARN_UNGUARDED_AVAILABILITY = YES_AGGRESSIVE;
				CLANG_WARN_UNREACHABLE_CODE = YES;
				CLANG_WARN__DUPLICATE_METHOD_MATCH = YES;
				COPY_PHASE_STRIP = NO;
				DEBUG_INFORMATION_FORMAT = dwarf;
				ENABLE_STRICT_OBJC_MSGSEND = YES;
				ENABLE_TESTABILITY = YES;
				GCC_C_LANGUAGE_STANDARD = gnu11;
				GCC_DYNAMIC_NO_PIC = NO;
				GCC_NO_COMMON_BLOCKS = YES;
				GCC_OPTIMIZATION_LEVEL = 0;
				GCC_PREPROCESSOR_DEFINITIONS = (
					"DEBUG=1",
					"$(inherited)",
				);
				GCC_WARN_64_TO_32_BIT_CONVERSION = YES;
				GCC_WARN_ABOUT_RETURN_TYPE = YES_ERROR;
				GCC_WARN_UNDECLARED_SELECTOR = YES;
				GCC_WARN_UNINITIALIZED_AUTOS = YES_AGGRESSIVE;
				GCC_WARN_UNUSED_FUNCTION = YES;
				GCC_WARN_UNUSED_VARIABLE = YES;
				IPHONEOS_DEPLOYMENT_TARGET = 16.2;
				MTL_ENABLE_DEBUG_INFO = INCLUDE_SOURCE;
				MTL_FAST_MATH = YES;
				ONLY_ACTIVE_ARCH = YES;
				SDKROOT = iphoneos;
				SWIFT_ACTIVE_COMPILATION_CONDITIONS = DEBUG;
				SWIFT_OPTIMIZATION_LEVEL = "-Onone";
			};
			name = Debug;
		};
		A8A94B402B70AB0300DD4E01 /* Release */ = {
			isa = XCBuildConfiguration;
			buildSettings = {
				ALWAYS_SEARCH_USER_PATHS = NO;
				CLANG_ANALYZER_NONNULL = YES;
				CLANG_ANALYZER_NUMBER_OBJECT_CONVERSION = YES_AGGRESSIVE;
				CLANG_CXX_LANGUAGE_STANDARD = "gnu++20";
				CLANG_ENABLE_MODULES = YES;
				CLANG_ENABLE_OBJC_ARC = YES;
				CLANG_ENABLE_OBJC_WEAK = YES;
				CLANG_WARN_BLOCK_CAPTURE_AUTORELEASING = YES;
				CLANG_WARN_BOOL_CONVERSION = YES;
				CLANG_WARN_COMMA = YES;
				CLANG_WARN_CONSTANT_CONVERSION = YES;
				CLANG_WARN_DEPRECATED_OBJC_IMPLEMENTATIONS = YES;
				CLANG_WARN_DIRECT_OBJC_ISA_USAGE = YES_ERROR;
				CLANG_WARN_DOCUMENTATION_COMMENTS = YES;
				CLANG_WARN_EMPTY_BODY = YES;
				CLANG_WARN_ENUM_CONVERSION = YES;
				CLANG_WARN_INFINITE_RECURSION = YES;
				CLANG_WARN_INT_CONVERSION = YES;
				CLANG_WARN_NON_LITERAL_NULL_CONVERSION = YES;
				CLANG_WARN_OBJC_IMPLICIT_RETAIN_SELF = YES;
				CLANG_WARN_OBJC_LITERAL_CONVERSION = YES;
				CLANG_WARN_OBJC_ROOT_CLASS = YES_ERROR;
				CLANG_WARN_QUOTED_INCLUDE_IN_FRAMEWORK_HEADER = YES;
				CLANG_WARN_RANGE_LOOP_ANALYSIS = YES;
				CLANG_WARN_STRICT_PROTOTYPES = YES;
				CLANG_WARN_SUSPICIOUS_MOVE = YES;
				CLANG_WARN_UNGUARDED_AVAILABILITY = YES_AGGRESSIVE;
				CLANG_WARN_UNREACHABLE_CODE = YES;
				CLANG_WARN__DUPLICATE_METHOD_MATCH = YES;
				COPY_PHASE_STRIP = NO;
				DEBUG_INFORMATION_FORMAT = "dwarf-with-dsym";
				ENABLE_NS_ASSERTIONS = NO;
				ENABLE_STRICT_OBJC_MSGSEND = YES;
				GCC_C_LANGUAGE_STANDARD = gnu11;
				GCC_NO_COMMON_BLOCKS = YES;
				GCC_WARN_64_TO_32_BIT_CONVERSION = YES;
				GCC_WARN_ABOUT_RETURN_TYPE = YES_ERROR;
				GCC_WARN_UNDECLARED_SELECTOR = YES;
				GCC_WARN_UNINITIALIZED_AUTOS = YES_AGGRESSIVE;
				GCC_WARN_UNUSED_FUNCTION = YES;
				GCC_WARN_UNUSED_VARIABLE = YES;
				IPHONEOS_DEPLOYMENT_TARGET = 16.2;
				MTL_ENABLE_DEBUG_INFO = NO;
				MTL_FAST_MATH = YES;
				SDKROOT = iphoneos;
				SWIFT_COMPILATION_MODE = wholemodule;
				SWIFT_OPTIMIZATION_LEVEL = "-O";
				VALIDATE_PRODUCT = YES;
			};
			name = Release;
		};
		A8A94B422B70AB0300DD4E01 /* Debug */ = {
			isa = XCBuildConfiguration;
			buildSettings = {
				ASSETCATALOG_COMPILER_APPICON_NAME = AppIcon;
				ASSETCATALOG_COMPILER_GLOBAL_ACCENT_COLOR_NAME = AccentColor;
				CODE_SIGN_STYLE = Automatic;
				CURRENT_PROJECT_VERSION = 1;
				DEVELOPMENT_ASSET_PATHS = "\"SimpleAnimationLottie/Preview Content\"";
				DEVELOPMENT_TEAM = HCYSF3K835;
				ENABLE_PREVIEWS = YES;
				GENERATE_INFOPLIST_FILE = YES;
				INFOPLIST_KEY_UIApplicationSceneManifest_Generation = YES;
				INFOPLIST_KEY_UIApplicationSupportsIndirectInputEvents = YES;
				INFOPLIST_KEY_UILaunchScreen_Generation = YES;
				INFOPLIST_KEY_UISupportedInterfaceOrientations_iPad = "UIInterfaceOrientationPortrait UIInterfaceOrientationPortraitUpsideDown UIInterfaceOrientationLandscapeLeft UIInterfaceOrientationLandscapeRight";
				INFOPLIST_KEY_UISupportedInterfaceOrientations_iPhone = "UIInterfaceOrientationPortrait UIInterfaceOrientationLandscapeLeft UIInterfaceOrientationLandscapeRight";
				LD_RUNPATH_SEARCH_PATHS = (
					"$(inherited)",
					"@executable_path/Frameworks",
				);
				MARKETING_VERSION = 1.0;
				PRODUCT_BUNDLE_IDENTIFIER = com.Arzu.SimpleAnimationLottie;
				PRODUCT_NAME = "$(TARGET_NAME)";
				SWIFT_EMIT_LOC_STRINGS = YES;
				SWIFT_VERSION = 5.0;
				TARGETED_DEVICE_FAMILY = "1,2";
			};
			name = Debug;
		};
		A8A94B432B70AB0300DD4E01 /* Release */ = {
			isa = XCBuildConfiguration;
			buildSettings = {
				ASSETCATALOG_COMPILER_APPICON_NAME = AppIcon;
				ASSETCATALOG_COMPILER_GLOBAL_ACCENT_COLOR_NAME = AccentColor;
				CODE_SIGN_STYLE = Automatic;
				CURRENT_PROJECT_VERSION = 1;
				DEVELOPMENT_ASSET_PATHS = "\"SimpleAnimationLottie/Preview Content\"";
				DEVELOPMENT_TEAM = HCYSF3K835;
				ENABLE_PREVIEWS = YES;
				GENERATE_INFOPLIST_FILE = YES;
				INFOPLIST_KEY_UIApplicationSceneManifest_Generation = YES;
				INFOPLIST_KEY_UIApplicationSupportsIndirectInputEvents = YES;
				INFOPLIST_KEY_UILaunchScreen_Generation = YES;
				INFOPLIST_KEY_UISupportedInterfaceOrientations_iPad = "UIInterfaceOrientationPortrait UIInterfaceOrientationPortraitUpsideDown UIInterfaceOrientationLandscapeLeft UIInterfaceOrientationLandscapeRight";
				INFOPLIST_KEY_UISupportedInterfaceOrientations_iPhone = "UIInterfaceOrientationPortrait UIInterfaceOrientationLandscapeLeft UIInterfaceOrientationLandscapeRight";
				LD_RUNPATH_SEARCH_PATHS = (
					"$(inherited)",
					"@executable_path/Frameworks",
				);
				MARKETING_VERSION = 1.0;
				PRODUCT_BUNDLE_IDENTIFIER = com.Arzu.SimpleAnimationLottie;
				PRODUCT_NAME = "$(TARGET_NAME)";
				SWIFT_EMIT_LOC_STRINGS = YES;
				SWIFT_VERSION = 5.0;
				TARGETED_DEVICE_FAMILY = "1,2";
			};
			name = Release;
		};
/* End XCBuildConfiguration section */

/* Begin XCConfigurationList section */
		A8A94B2E2B70AAFF00DD4E01 /* Build configuration list for PBXProject "SimpleAnimationLottie" */ = {
			isa = XCConfigurationList;
			buildConfigurations = (
				A8A94B3F2B70AB0300DD4E01 /* Debug */,
				A8A94B402B70AB0300DD4E01 /* Release */,
			);
			defaultConfigurationIsVisible = 0;
			defaultConfigurationName = Release;
		};
		A8A94B412B70AB0300DD4E01 /* Build configuration list for PBXNativeTarget "SimpleAnimationLottie" */ = {
			isa = XCConfigurationList;
			buildConfigurations = (
				A8A94B422B70AB0300DD4E01 /* Debug */,
				A8A94B432B70AB0300DD4E01 /* Release */,
			);
			defaultConfigurationIsVisible = 0;
			defaultConfigurationName = Release;
		};
/* End XCConfigurationList section */

/* Begin XCRemoteSwiftPackageReference section */
		A819544D2B7130CE003C0186 /* XCRemoteSwiftPackageReference "Kingfisher" */ = {
			isa = XCRemoteSwiftPackageReference;
			repositoryURL = "https://github.com/onevcat/Kingfisher.git";
			requirement = {
				branch = master;
				kind = branch;
			};
		};
		A8A94B442B70ACD700DD4E01 /* XCRemoteSwiftPackageReference "lottie-ios" */ = {
			isa = XCRemoteSwiftPackageReference;
			repositoryURL = "https://github.com/airbnb/lottie-ios.git";
			requirement = {
				kind = upToNextMajorVersion;
				minimumVersion = 4.4.0;
			};
		};
/* End XCRemoteSwiftPackageReference section */

/* Begin XCSwiftPackageProductDependency section */
		A819544E2B7130CE003C0186 /* Kingfisher */ = {
			isa = XCSwiftPackageProductDependency;
			package = A819544D2B7130CE003C0186 /* XCRemoteSwiftPackageReference "Kingfisher" */;
			productName = Kingfisher;
		};
		A8A94B452B70ACD700DD4E01 /* Lottie */ = {
			isa = XCSwiftPackageProductDependency;
			package = A8A94B442B70ACD700DD4E01 /* XCRemoteSwiftPackageReference "lottie-ios" */;
			productName = Lottie;
		};
/* End XCSwiftPackageProductDependency section */
	};
	rootObject = A8A94B2B2B70AAFF00DD4E01 /* Project object */;
}
